
Microsoft Visual Studio Solution File, Format Version 12.00
# Visual Studio Version 17
VisualStudioVersion = 17.5.33530.505
MinimumVisualStudioVersion = 10.0.40219.1
Project("{FAE04EC0-301F-11D3-BF4B-00C04F79EFBC}") = "AppCalculoDeMedia", "AppCalculoDeMedia\AppCalculoDeMedia.csproj", "{3D8BFD2C-219A-4465-831D-5E150A655FF2}"
EndProject
Global
	GlobalSection(SolutionConfigurationPlatforms) = preSolution
		Debug|Any CPU = Debug|Any CPU
		Release|Any CPU = Release|Any CPU
	EndGlobalSection
	GlobalSection(ProjectConfigurationPlatforms) = postSolution
		{3D8BFD2C-219A-4465-831D-5E150A655FF2}.Debug|Any CPU.ActiveCfg = Debug|Any CPU
		{3D8BFD2C-219A-4465-831D-5E150A655FF2}.Debug|Any CPU.Build.0 = Debug|Any CPU
		{3D8BFD2C-219A-4465-831D-5E150A655FF2}.Release|Any CPU.ActiveCfg = Release|Any CPU
		{3D8BFD2C-219A-4465-831D-5E150A655FF2}.Release|Any CPU.Build.0 = Release|Any CPU
	EndGlobalSection
	GlobalSection(SolutionProperties) = preSolution
		HideSolutionNode = FALSE
	EndGlobalSection
	GlobalSection(ExtensibilityGlobals) = postSolution
		SolutionGuid = {EA2ADC2F-5C8C-46E0-9173-4676DF24CB18}
	EndGlobalSection
EndGlobal
